
Microsoft Visual Studio Solution File, Format Version 12.00
# Visual Studio 14
VisualStudioVersion = 14.0.25420.1
MinimumVisualStudioVersion = 10.0.40219.1
Project("{FAE04EC0-301F-11D3-BF4B-00C04F79EFBC}") = "Middleware", "Middleware\Middleware.csproj", "{4A785ED7-CA2E-4E8F-B929-DC5DF9027A68}"
EndProject
Project("{FAE04EC0-301F-11D3-BF4B-00C04F79EFBC}") = "MiddlewareTests", "MiddlewareTests\MiddlewareTests.csproj", "{A6500A8E-CEAD-451D-ADF9-B6EE5AA21878}"
EndProject
Project("{FAE04EC0-301F-11D3-BF4B-00C04F79EFBC}") = "Frontend", "Frontend\Frontend.csproj", "{584307AE-C721-47F7-9319-C921DCD0599B}"
	ProjectSection(ProjectDependencies) = postProject
		{9CF13815-3072-4744-AA9D-483EC09F2D8A} = {9CF13815-3072-4744-AA9D-483EC09F2D8A}
	EndProjectSection
EndProject
Project("{FAE04EC0-301F-11D3-BF4B-00C04F79EFBC}") = "Backend", "Backend\Backend.csproj", "{01605C68-212C-4CF3-9B70-521E13D522B7}"
EndProject
Project("{FAE04EC0-301F-11D3-BF4B-00C04F79EFBC}") = "GoogleMaps", "GoogleMaps\GoogleMaps.csproj", "{9CF13815-3072-4744-AA9D-483EC09F2D8A}"
EndProject
Global
	GlobalSection(SolutionConfigurationPlatforms) = preSolution
		Debug|Any CPU = Debug|Any CPU
		Debug+Contracts|Any CPU = Debug+Contracts|Any CPU
		Release|Any CPU = Release|Any CPU
	EndGlobalSection
	GlobalSection(ProjectConfigurationPlatforms) = postSolution
		{4A785ED7-CA2E-4E8F-B929-DC5DF9027A68}.Debug|Any CPU.ActiveCfg = Debug|Any CPU
		{4A785ED7-CA2E-4E8F-B929-DC5DF9027A68}.Debug|Any CPU.Build.0 = Debug|Any CPU
		{4A785ED7-CA2E-4E8F-B929-DC5DF9027A68}.Debug|Any CPU.Deploy.0 = Debug|Any CPU
		{4A785ED7-CA2E-4E8F-B929-DC5DF9027A68}.Debug+Contracts|Any CPU.ActiveCfg = Debug|Any CPU
		{4A785ED7-CA2E-4E8F-B929-DC5DF9027A68}.Debug+Contracts|Any CPU.Build.0 = Debug|Any CPU
		{4A785ED7-CA2E-4E8F-B929-DC5DF9027A68}.Release|Any CPU.ActiveCfg = Release|Any CPU
		{4A785ED7-CA2E-4E8F-B929-DC5DF9027A68}.Release|Any CPU.Build.0 = Release|Any CPU
		{A6500A8E-CEAD-451D-ADF9-B6EE5AA21878}.Debug|Any CPU.ActiveCfg = Debug|Any CPU
		{A6500A8E-CEAD-451D-ADF9-B6EE5AA21878}.Debug|Any CPU.Build.0 = Debug|Any CPU
		{A6500A8E-CEAD-451D-ADF9-B6EE5AA21878}.Debug+Contracts|Any CPU.ActiveCfg = Debug+Contracts|Any CPU
		{A6500A8E-CEAD-451D-ADF9-B6EE5AA21878}.Debug+Contracts|Any CPU.Build.0 = Debug+Contracts|Any CPU
		{A6500A8E-CEAD-451D-ADF9-B6EE5AA21878}.Release|Any CPU.ActiveCfg = Release|Any CPU
		{584307AE-C721-47F7-9319-C921DCD0599B}.Debug|Any CPU.ActiveCfg = Debug|Any CPU
		{584307AE-C721-47F7-9319-C921DCD0599B}.Debug|Any CPU.Build.0 = Debug|Any CPU
		{584307AE-C721-47F7-9319-C921DCD0599B}.Debug+Contracts|Any CPU.ActiveCfg = Debug|Any CPU
		{584307AE-C721-47F7-9319-C921DCD0599B}.Debug+Contracts|Any CPU.Build.0 = Debug|Any CPU
		{584307AE-C721-47F7-9319-C921DCD0599B}.Release|Any CPU.ActiveCfg = Release|Any CPU
		{584307AE-C721-47F7-9319-C921DCD0599B}.Release|Any CPU.Build.0 = Release|Any CPU
		{01605C68-212C-4CF3-9B70-521E13D522B7}.Debug|Any CPU.ActiveCfg = Debug|Any CPU
		{01605C68-212C-4CF3-9B70-521E13D522B7}.Debug|Any CPU.Build.0 = Debug|Any CPU
		{01605C68-212C-4CF3-9B70-521E13D522B7}.Debug+Contracts|Any CPU.ActiveCfg = Debug|Any CPU
		{01605C68-212C-4CF3-9B70-521E13D522B7}.Debug+Contracts|Any CPU.Build.0 = Debug|Any CPU
		{01605C68-212C-4CF3-9B70-521E13D522B7}.Release|Any CPU.ActiveCfg = Release|Any CPU
		{01605C68-212C-4CF3-9B70-521E13D522B7}.Release|Any CPU.Build.0 = Release|Any CPU
		{01605C68-212C-4CF3-9B70-521E13D522B7}.Release|Any CPU.Deploy.0 = Release|Any CPU
		{9CF13815-3072-4744-AA9D-483EC09F2D8A}.Debug|Any CPU.ActiveCfg = Debug|Any CPU
		{9CF13815-3072-4744-AA9D-483EC09F2D8A}.Debug|Any CPU.Build.0 = Debug|Any CPU
		{9CF13815-3072-4744-AA9D-483EC09F2D8A}.Debug+Contracts|Any CPU.ActiveCfg = Debug|Any CPU
		{9CF13815-3072-4744-AA9D-483EC09F2D8A}.Debug+Contracts|Any CPU.Build.0 = Debug|Any CPU
		{9CF13815-3072-4744-AA9D-483EC09F2D8A}.Release|Any CPU.ActiveCfg = Release|Any CPU
		{9CF13815-3072-4744-AA9D-483EC09F2D8A}.Release|Any CPU.Build.0 = Release|Any CPU
	EndGlobalSection
	GlobalSection(SolutionProperties) = preSolution
		HideSolutionNode = FALSE
	EndGlobalSection
EndGlobal
